
Microsoft Visual Studio Solution File, Format Version 12.00
# Visual Studio Version 17
VisualStudioVersion = 17.3.32819.101
MinimumVisualStudioVersion = 10.0.40219.1
Project("{FAE04EC0-301F-11D3-BF4B-00C04F79EFBC}") = "ConsoleAppApi", "ConsoleAppApi\ConsoleAppApi.csproj", "{F1654E09-0D29-42B5-A198-D193AEA3F801}"
EndProject
Global
	GlobalSection(SolutionConfigurationPlatforms) = preSolution
		Debug|Any CPU = Debug|Any CPU
		Release|Any CPU = Release|Any CPU
	EndGlobalSection
	GlobalSection(ProjectConfigurationPlatforms) = postSolution
		{F1654E09-0D29-42B5-A198-D193AEA3F801}.Debug|Any CPU.ActiveCfg = Debug|Any CPU
		{F1654E09-0D29-42B5-A198-D193AEA3F801}.Debug|Any CPU.Build.0 = Debug|Any CPU
		{F1654E09-0D29-42B5-A198-D193AEA3F801}.Release|Any CPU.ActiveCfg = Release|Any CPU
		{F1654E09-0D29-42B5-A198-D193AEA3F801}.Release|Any CPU.Build.0 = Release|Any CPU
	EndGlobalSection
	GlobalSection(SolutionProperties) = preSolution
		HideSolutionNode = FALSE
	EndGlobalSection
	GlobalSection(ExtensibilityGlobals) = postSolution
		SolutionGuid = {5A785E49-87E3-4BA4-BCB3-153FAAA0195C}
	EndGlobalSection
EndGlobal
